
Microsoft Visual Studio Solution File, Format Version 12.00
# Visual Studio 15
VisualStudioVersion = 15.0.28010.2050
MinimumVisualStudioVersion = 10.0.40219.1
Project("{FAE04EC0-301F-11D3-BF4B-00C04F79EFBC}") = "VueExample", "VueExample\VueExample.csproj", "{FFEB6DBB-8CCD-450D-9047-68D453C002B9}"
EndProject
Global
	GlobalSection(SolutionConfigurationPlatforms) = preSolution
		Debug|Any CPU = Debug|Any CPU
		Release|Any CPU = Release|Any CPU
	EndGlobalSection
	GlobalSection(ProjectConfigurationPlatforms) = postSolution
		{FFEB6DBB-8CCD-450D-9047-68D453C002B9}.Debug|Any CPU.ActiveCfg = Debug|Any CPU
		{FFEB6DBB-8CCD-450D-9047-68D453C002B9}.Debug|Any CPU.Build.0 = Debug|Any CPU
		{FFEB6DBB-8CCD-450D-9047-68D453C002B9}.Release|Any CPU.ActiveCfg = Release|Any CPU
		{FFEB6DBB-8CCD-450D-9047-68D453C002B9}.Release|Any CPU.Build.0 = Release|Any CPU
	EndGlobalSection
	GlobalSection(SolutionProperties) = preSolution
		HideSolutionNode = FALSE
	EndGlobalSection
	GlobalSection(ExtensibilityGlobals) = postSolution
		SolutionGuid = {47C82A9F-6B26-4155-A8B7-B52AA2574297}
	EndGlobalSection
EndGlobal
